
Microsoft Visual Studio Solution File, Format Version 12.00
# Visual Studio Version 17
VisualStudioVersion = 17.9.34310.174
MinimumVisualStudioVersion = 10.0.40219.1
Project("{2150E333-8FDC-42A3-9474-1A3956D46DE8}") = "Domain", "Domain", "{0CDEF897-728D-4C02-AD03-5A2FD99CC201}"
EndProject
Project("{2150E333-8FDC-42A3-9474-1A3956D46DE8}") = "Application", "Application", "{CB3E2FE4-9E6F-4920-B8F1-2E5EFB1D3E92}"
EndProject
Project("{2150E333-8FDC-42A3-9474-1A3956D46DE8}") = "Infrastructure", "Infrastructure", "{4BE981CE-446A-4C1F-AD2E-27CDAD2139C4}"
EndProject
Project("{2150E333-8FDC-42A3-9474-1A3956D46DE8}") = "Presentation", "Presentation", "{DB49ABB8-015F-490E-BCE4-94DB55DCCB26}"
EndProject
Project("{2150E333-8FDC-42A3-9474-1A3956D46DE8}") = "Tests", "Tests", "{7D5109CF-C1BA-4CBB-8DA6-B317AD36818C}"
EndProject
Project("{2150E333-8FDC-42A3-9474-1A3956D46DE8}") = "Apis", "Apis", "{69F2BB4A-C97D-46DF-9DC2-750CFB465825}"
EndProject
Project("{2150E333-8FDC-42A3-9474-1A3956D46DE8}") = "Websites", "Websites", "{591E0ED3-6214-4CC9-B8FD-53BAD707C0EE}"
EndProject
Project("{2150E333-8FDC-42A3-9474-1A3956D46DE8}") = "Interfaces", "Interfaces", "{1657160F-2A83-4D63-A307-59FF896BFA56}"
EndProject
Project("{2150E333-8FDC-42A3-9474-1A3956D46DE8}") = "Persistance", "Persistance", "{1B079A32-D9AC-49FF-9CA9-CCC3184B4FD0}"
EndProject
Project("{FAE04EC0-301F-11D3-BF4B-00C04F79EFBC}") = "TurboCart.Domain.Entities", "TurboCart.Domain.Entities\TurboCart.Domain.Entities.csproj", "{2D0EA2BB-7A56-44F6-BB23-0049BB4ECF05}"
EndProject
Project("{FAE04EC0-301F-11D3-BF4B-00C04F79EFBC}") = "TurboCart.Infrastructure.Persistance.Contexts", "TurboCart.Infrastructure.Persistance.Contexts\TurboCart.Infrastructure.Persistance.Contexts.csproj", "{DD0C8FBA-C243-4D90-81EF-1E9964AEFF84}"
EndProject
Global
	GlobalSection(SolutionConfigurationPlatforms) = preSolution
		Debug|Any CPU = Debug|Any CPU
		Release|Any CPU = Release|Any CPU
	EndGlobalSection
	GlobalSection(ProjectConfigurationPlatforms) = postSolution
		{2D0EA2BB-7A56-44F6-BB23-0049BB4ECF05}.Debug|Any CPU.ActiveCfg = Debug|Any CPU
		{2D0EA2BB-7A56-44F6-BB23-0049BB4ECF05}.Debug|Any CPU.Build.0 = Debug|Any CPU
		{2D0EA2BB-7A56-44F6-BB23-0049BB4ECF05}.Release|Any CPU.ActiveCfg = Release|Any CPU
		{2D0EA2BB-7A56-44F6-BB23-0049BB4ECF05}.Release|Any CPU.Build.0 = Release|Any CPU
		{DD0C8FBA-C243-4D90-81EF-1E9964AEFF84}.Debug|Any CPU.ActiveCfg = Debug|Any CPU
		{DD0C8FBA-C243-4D90-81EF-1E9964AEFF84}.Debug|Any CPU.Build.0 = Debug|Any CPU
		{DD0C8FBA-C243-4D90-81EF-1E9964AEFF84}.Release|Any CPU.ActiveCfg = Release|Any CPU
		{DD0C8FBA-C243-4D90-81EF-1E9964AEFF84}.Release|Any CPU.Build.0 = Release|Any CPU
	EndGlobalSection
	GlobalSection(SolutionProperties) = preSolution
		HideSolutionNode = FALSE
	EndGlobalSection
	GlobalSection(NestedProjects) = preSolution
		{69F2BB4A-C97D-46DF-9DC2-750CFB465825} = {DB49ABB8-015F-490E-BCE4-94DB55DCCB26}
		{591E0ED3-6214-4CC9-B8FD-53BAD707C0EE} = {DB49ABB8-015F-490E-BCE4-94DB55DCCB26}
		{1657160F-2A83-4D63-A307-59FF896BFA56} = {CB3E2FE4-9E6F-4920-B8F1-2E5EFB1D3E92}
		{1B079A32-D9AC-49FF-9CA9-CCC3184B4FD0} = {4BE981CE-446A-4C1F-AD2E-27CDAD2139C4}
		{2D0EA2BB-7A56-44F6-BB23-0049BB4ECF05} = {0CDEF897-728D-4C02-AD03-5A2FD99CC201}
		{DD0C8FBA-C243-4D90-81EF-1E9964AEFF84} = {1B079A32-D9AC-49FF-9CA9-CCC3184B4FD0}
	EndGlobalSection
	GlobalSection(ExtensibilityGlobals) = postSolution
		SolutionGuid = {5115A469-BBB4-45AB-A0B1-9031B2DA56EE}
	EndGlobalSection
EndGlobal
